{
	"name": "cli",
	"version": "1.0.0",
	"lockfileVersion": 2,
	"requires": true,
	"packages": {
		"": {
			"version": "1.0.0",
			"license": "ISC",
			"dependencies": {
				"commander": "^7.2.0"
			},
			"devDependencies": {
				"@types/node": "^15.6.2",
				"typescript": "^4.3.2"
			}
		},
		"node_modules/@types/node": {
			"version": "15.6.2",
			"resolved": "https://registry.npmjs.org/@types/node/-/node-15.6.2.tgz",
			"integrity": "sha512-dxcOx8801kMo3KlU+C+/ctWrzREAH7YvoF3aoVpRdqgs+Kf7flp+PJDN/EX5bME3suDUZHsxes9hpvBmzYlWbA==",
			"dev": true
		},
		"node_modules/commander": {
			"version": "7.2.0",
			"resolved": "https://registry.npmjs.org/commander/-/commander-7.2.0.tgz",
			"integrity": "sha512-QrWXB+ZQSVPmIWIhtEO9H+gwHaMGYiF5ChvoJ+K9ZGHG/sVsa6yiesAD1GC/x46sET00Xlwo1u49RVVVzvcSkw==",
			"engines": {
				"node": ">= 10"
			}
		},
		"node_modules/typescript": {
			"version": "4.3.2",
			"resolved": "https://registry.npmjs.org/typescript/-/typescript-4.3.2.tgz",
			"integrity": "sha512-zZ4hShnmnoVnAHpVHWpTcxdv7dWP60S2FsydQLV8V5PbS3FifjWFFRiHSWpDJahly88PRyV5teTSLoq4eG7mKw==",
			"dev": true,
			"bin": {
				"tsc": "bin/tsc",
				"tsserver": "bin/tsserver"
			},
			"engines": {
				"node": ">=4.2.0"
			}
		}
	},
	"dependencies": {
		"@types/node": {
			"version": "15.6.2",
			"resolved": "https://registry.npmjs.org/@types/node/-/node-15.6.2.tgz",
			"integrity": "sha512-dxcOx8801kMo3KlU+C+/ctWrzREAH7YvoF3aoVpRdqgs+Kf7flp+PJDN/EX5bME3suDUZHsxes9hpvBmzYlWbA==",
			"dev": true
		},
		"commander": {
			"version": "7.2.0",
			"resolved": "https://registry.npmjs.org/commander/-/commander-7.2.0.tgz",
			"integrity": "sha512-QrWXB+ZQSVPmIWIhtEO9H+gwHaMGYiF5ChvoJ+K9ZGHG/sVsa6yiesAD1GC/x46sET00Xlwo1u49RVVVzvcSkw=="
		},
		"typescript": {
			"version": "4.3.2",
			"resolved": "https://registry.npmjs.org/typescript/-/typescript-4.3.2.tgz",
			"integrity": "sha512-zZ4hShnmnoVnAHpVHWpTcxdv7dWP60S2FsydQLV8V5PbS3FifjWFFRiHSWpDJahly88PRyV5teTSLoq4eG7mKw==",
			"dev": true
		}
	}
}
